
Microsoft Visual Studio Solution File, Format Version 12.00
# Visual Studio Version 17
VisualStudioVersion = 17.14.36518.9
MinimumVisualStudioVersion = 10.0.40219.1
Project("{8BC9CEB8-8B4A-11D0-8D11-00A0C91BC942}") = "Car", "Car\Car.vcxproj", "{1BD138AD-E8A9-450B-9923-6A0B4F9781DA}"
EndProject
Project("{8BC9CEB8-8B4A-11D0-8D11-00A0C91BC942}") = "Threads", "Threads\Threads.vcxproj", "{4C33F553-2F5C-4C0F-A0AE-CB28C6192BD7}"
EndProject
Global
	GlobalSection(SolutionConfigurationPlatforms) = preSolution
		Debug|x64 = Debug|x64
		Debug|x86 = Debug|x86
		Release|x64 = Release|x64
		Release|x86 = Release|x86
	EndGlobalSection
	GlobalSection(ProjectConfigurationPlatforms) = postSolution
		{1BD138AD-E8A9-450B-9923-6A0B4F9781DA}.Debug|x64.ActiveCfg = Debug|x64
		{1BD138AD-E8A9-450B-9923-6A0B4F9781DA}.Debug|x64.Build.0 = Debug|x64
		{1BD138AD-E8A9-450B-9923-6A0B4F9781DA}.Debug|x86.ActiveCfg = Debug|Win32
		{1BD138AD-E8A9-450B-9923-6A0B4F9781DA}.Debug|x86.Build.0 = Debug|Win32
		{1BD138AD-E8A9-450B-9923-6A0B4F9781DA}.Release|x64.ActiveCfg = Release|x64
		{1BD138AD-E8A9-450B-9923-6A0B4F9781DA}.Release|x64.Build.0 = Release|x64
		{1BD138AD-E8A9-450B-9923-6A0B4F9781DA}.Release|x86.ActiveCfg = Release|Win32
		{1BD138AD-E8A9-450B-9923-6A0B4F9781DA}.Release|x86.Build.0 = Release|Win32
		{4C33F553-2F5C-4C0F-A0AE-CB28C6192BD7}.Debug|x64.ActiveCfg = Debug|x64
		{4C33F553-2F5C-4C0F-A0AE-CB28C6192BD7}.Debug|x64.Build.0 = Debug|x64
		{4C33F553-2F5C-4C0F-A0AE-CB28C6192BD7}.Debug|x86.ActiveCfg = Debug|Win32
		{4C33F553-2F5C-4C0F-A0AE-CB28C6192BD7}.Debug|x86.Build.0 = Debug|Win32
		{4C33F553-2F5C-4C0F-A0AE-CB28C6192BD7}.Release|x64.ActiveCfg = Release|x64
		{4C33F553-2F5C-4C0F-A0AE-CB28C6192BD7}.Release|x64.Build.0 = Release|x64
		{4C33F553-2F5C-4C0F-A0AE-CB28C6192BD7}.Release|x86.ActiveCfg = Release|Win32
		{4C33F553-2F5C-4C0F-A0AE-CB28C6192BD7}.Release|x86.Build.0 = Release|Win32
	EndGlobalSection
	GlobalSection(SolutionProperties) = preSolution
		HideSolutionNode = FALSE
	EndGlobalSection
	GlobalSection(ExtensibilityGlobals) = postSolution
		SolutionGuid = {1CEE0FD6-B252-4401-AA67-656B54075D7B}
	EndGlobalSection
EndGlobal
